<?xml version="1.0" encoding="utf-8"?>
<Project ToolsVersion="4.0" xmlns="http://schemas.microsoft.com/developer/msbuild/2003">
  <ItemGroup>
    <Filter Include="Source Files">
      <UniqueIdentifier>{4FC737F1-C7A5-4376-A066-2A32D752A2FF}</UniqueIdentifier>
      <Extensions>cpp;c;cc;cxx;def;odl;idl;hpj;bat;asm;asmx</Extensions>
    </Filter>
    <Filter Include="Header Files">
      <UniqueIdentifier>{93995380-89BD-4b04-88EB-625FBE52EBFB}</UniqueIdentifier>
      <Extensions>h;hh;hpp;hxx;hm;inl;inc;ipp;xsd</Extensions>
    </Filter>
    <Filter Include="Resource Files">
      <UniqueIdentifier>{67DA6AB6-F800-4c08-8B7A-83BB121AAD01}</UniqueIdentifier>
      <Extensions>rc;ico;cur;bmp;dlg;rc2;rct;bin;rgs;gif;jpg;jpeg;jpe;resx;tiff;tif;png;wav;mfcribbon-ms</Extensions>
    </Filter>
  </ItemGroup>
  <ItemGroup>
    <ClCompile Include="csgo sdk\csgo\features\animations\animations.cpp">
      <Filter>Source Files</Filter>
    </ClCompile>
    <ClCompile Include="csgo sdk\csgo\features\engine_pred\engine_pred.cpp">
      <Filter>Source Files</Filter>
    </ClCompile>
    <ClCompile Include="csgo sdk\csgo\features\esp\esp.cpp">
      <Filter>Source Files</Filter>
    </ClCompile>
    <ClCompile Include="csgo sdk\csgo\features\misc\misc.cpp">
      <Filter>Source Files</Filter>
    </ClCompile>
    <ClCompile Include="csgo sdk\csgo\features\thirdperson\thirdperson.cpp">
      <Filter>Source Files</Filter>
    </ClCompile>
    <ClCompile Include="csgo sdk\csgo\menu\imgui\impl\imgui_impl_dx9.cpp">
      <Filter>Source Files</Filter>
    </ClCompile>
    <ClCompile Include="csgo sdk\csgo\menu\imgui\impl\imgui_impl_win32.cpp">
      <Filter>Source Files</Filter>
    </ClCompile>
    <ClCompile Include="csgo sdk\csgo\menu\imgui\imgui.cpp">
      <Filter>Source Files</Filter>
    </ClCompile>
    <ClCompile Include="csgo sdk\csgo\menu\imgui\imgui_draw.cpp">
      <Filter>Source Files</Filter>
    </ClCompile>
    <ClCompile Include="csgo sdk\csgo\menu\imgui\imgui_widgets.cpp">
      <Filter>Source Files</Filter>
    </ClCompile>
    <ClCompile Include="csgo sdk\csgo\menu\menu.cpp">
      <Filter>Source Files</Filter>
    </ClCompile>
    <ClCompile Include="csgo sdk\csgo\sdk\interfaces\interfaces.cpp">
      <Filter>Source Files</Filter>
    </ClCompile>
    <ClCompile Include="csgo sdk\csgo\sdk\netvar\netvar.cpp">
      <Filter>Source Files</Filter>
    </ClCompile>
    <ClCompile Include="csgo sdk\csgo\utils\checksum_crc\checksum_crc.cpp">
      <Filter>Source Files</Filter>
    </ClCompile>
    <ClCompile Include="csgo sdk\csgo\utils\globals\globals.cpp">
      <Filter>Source Files</Filter>
    </ClCompile>
    <ClCompile Include="csgo sdk\csgo\utils\math\math.cpp">
      <Filter>Source Files</Filter>
    </ClCompile>
    <ClCompile Include="csgo sdk\csgo\utils\render\render.cpp">
      <Filter>Source Files</Filter>
    </ClCompile>
    <ClCompile Include="csgo sdk\csgo\utils\vfunc_hook\vfunc_hook.cpp">
      <Filter>Source Files</Filter>
    </ClCompile>
    <ClCompile Include="csgo sdk\csgo\utils\utils.cpp">
      <Filter>Source Files</Filter>
    </ClCompile>
    <ClCompile Include="csgo sdk\csgo\vars\helpers\keybinds.cpp">
      <Filter>Source Files</Filter>
    </ClCompile>
    <ClCompile Include="csgo sdk\csgo\vars\vars.cpp">
      <Filter>Source Files</Filter>
    </ClCompile>
    <ClCompile Include="csgo sdk\csgo\hooks.cpp">
      <Filter>Source Files</Filter>
    </ClCompile>
    <ClCompile Include="csgo sdk\main.cpp">
      <Filter>Source Files</Filter>
    </ClCompile>
  </ItemGroup>
  <ItemGroup>
    <ClInclude Include="csgo sdk\csgo\features\animations\animations.hpp">
      <Filter>Header Files</Filter>
    </ClInclude>
    <ClInclude Include="csgo sdk\csgo\features\engine_pred\engine_pred.hpp">
      <Filter>Header Files</Filter>
    </ClInclude>
    <ClInclude Include="csgo sdk\csgo\features\esp\esp.hpp">
      <Filter>Header Files</Filter>
    </ClInclude>
    <ClInclude Include="csgo sdk\csgo\features\misc\misc.hpp">
      <Filter>Header Files</Filter>
    </ClInclude>
    <ClInclude Include="csgo sdk\csgo\features\thirdperson\thirdperson.hpp">
      <Filter>Header Files</Filter>
    </ClInclude>
    <ClInclude Include="csgo sdk\csgo\features\features.hpp">
      <Filter>Header Files</Filter>
    </ClInclude>
    <ClInclude Include="csgo sdk\csgo\menu\imgui\impl\imgui_impl_dx9.h">
      <Filter>Header Files</Filter>
    </ClInclude>
    <ClInclude Include="csgo sdk\csgo\menu\imgui\impl\imgui_impl_win32.h">
      <Filter>Header Files</Filter>
    </ClInclude>
    <ClInclude Include="csgo sdk\csgo\menu\imgui\imconfig.h">
      <Filter>Header Files</Filter>
    </ClInclude>
    <ClInclude Include="csgo sdk\csgo\menu\imgui\imgui.h">
      <Filter>Header Files</Filter>
    </ClInclude>
    <ClInclude Include="csgo sdk\csgo\menu\imgui\imgui_internal.h">
      <Filter>Header Files</Filter>
    </ClInclude>
    <ClInclude Include="csgo sdk\csgo\menu\imgui\imstb_rectpack.h">
      <Filter>Header Files</Filter>
    </ClInclude>
    <ClInclude Include="csgo sdk\csgo\menu\imgui\imstb_textedit.h">
      <Filter>Header Files</Filter>
    </ClInclude>
    <ClInclude Include="csgo sdk\csgo\menu\imgui\imstb_truetype.h">
      <Filter>Header Files</Filter>
    </ClInclude>
    <ClInclude Include="csgo sdk\csgo\menu\menu.hpp">
      <Filter>Header Files</Filter>
    </ClInclude>
    <ClInclude Include="csgo sdk\csgo\sdk\classes\c_base_attributable_item.hpp">
      <Filter>Header Files</Filter>
    </ClInclude>
    <ClInclude Include="csgo sdk\csgo\sdk\classes\c_base_combat_weapon.hpp">
      <Filter>Header Files</Filter>
    </ClInclude>
    <ClInclude Include="csgo sdk\csgo\sdk\classes\c_base_entity.hpp">
      <Filter>Header Files</Filter>
    </ClInclude>
    <ClInclude Include="csgo sdk\csgo\sdk\classes\c_base_player.hpp">
      <Filter>Header Files</Filter>
    </ClInclude>
    <ClInclude Include="csgo sdk\csgo\sdk\classes\c_material.hpp">
      <Filter>Header Files</Filter>
    </ClInclude>
    <ClInclude Include="csgo sdk\csgo\sdk\classes\c_usercmd.hpp">
      <Filter>Header Files</Filter>
    </ClInclude>
    <ClInclude Include="csgo sdk\csgo\sdk\classes\i_client_entity.hpp">
      <Filter>Header Files</Filter>
    </ClInclude>
    <ClInclude Include="csgo sdk\csgo\sdk\classes\i_client_networkable.hpp">
      <Filter>Header Files</Filter>
    </ClInclude>
    <ClInclude Include="csgo sdk\csgo\sdk\classes\i_client_renderable.hpp">
      <Filter>Header Files</Filter>
    </ClInclude>
    <ClInclude Include="csgo sdk\csgo\sdk\classes\i_client_thinkable.hpp">
      <Filter>Header Files</Filter>
    </ClInclude>
    <ClInclude Include="csgo sdk\csgo\sdk\classes\i_client_unknown.hpp">
      <Filter>Header Files</Filter>
    </ClInclude>
    <ClInclude Include="csgo sdk\csgo\sdk\classes\i_collideable.hpp">
      <Filter>Header Files</Filter>
    </ClInclude>
    <ClInclude Include="csgo sdk\csgo\sdk\classes\i_handle_entity.hpp">
      <Filter>Header Files</Filter>
    </ClInclude>
    <ClInclude Include="csgo sdk\csgo\sdk\interfaces\classes\c_clientdll.hpp">
      <Filter>Header Files</Filter>
    </ClInclude>
    <ClInclude Include="csgo sdk\csgo\sdk\interfaces\classes\c_clientmode.hpp">
      <Filter>Header Files</Filter>
    </ClInclude>
    <ClInclude Include="csgo sdk\csgo\sdk\interfaces\classes\c_cvar.hpp">
      <Filter>Header Files</Filter>
    </ClInclude>
    <ClInclude Include="csgo sdk\csgo\sdk\interfaces\classes\c_engine.hpp">
      <Filter>Header Files</Filter>
    </ClInclude>
    <ClInclude Include="csgo sdk\csgo\sdk\interfaces\classes\c_engine_trace.hpp">
      <Filter>Header Files</Filter>
    </ClInclude>
    <ClInclude Include="csgo sdk\csgo\sdk\interfaces\classes\c_entitylist.hpp">
      <Filter>Header Files</Filter>
    </ClInclude>
    <ClInclude Include="csgo sdk\csgo\sdk\interfaces\classes\c_globalvars.hpp">
      <Filter>Header Files</Filter>
    </ClInclude>
    <ClInclude Include="csgo sdk\csgo\sdk\interfaces\classes\c_input.hpp">
      <Filter>Header Files</Filter>
    </ClInclude>
    <ClInclude Include="csgo sdk\csgo\sdk\interfaces\classes\c_input_system.hpp">
      <Filter>Header Files</Filter>
    </ClInclude>
    <ClInclude Include="csgo sdk\csgo\sdk\interfaces\classes\c_material_system.h">
      <Filter>Header Files</Filter>
    </ClInclude>
    <ClInclude Include="csgo sdk\csgo\sdk\interfaces\classes\c_model_info.hpp">
      <Filter>Header Files</Filter>
    </ClInclude>
    <ClInclude Include="csgo sdk\csgo\sdk\interfaces\classes\c_model_render.hpp">
      <Filter>Header Files</Filter>
    </ClInclude>
    <ClInclude Include="csgo sdk\csgo\sdk\interfaces\classes\c_move_helper.hpp">
      <Filter>Header Files</Filter>
    </ClInclude>
    <ClInclude Include="csgo sdk\csgo\sdk\interfaces\classes\c_movement.hpp">
      <Filter>Header Files</Filter>
    </ClInclude>
    <ClInclude Include="csgo sdk\csgo\sdk\interfaces\classes\c_panel.hpp">
      <Filter>Header Files</Filter>
    </ClInclude>
    <ClInclude Include="csgo sdk\csgo\sdk\interfaces\classes\c_prediction.hpp">
      <Filter>Header Files</Filter>
    </ClInclude>
    <ClInclude Include="csgo sdk\csgo\sdk\interfaces\classes\i_surface.hpp">
      <Filter>Header Files</Filter>
    </ClInclude>
    <ClInclude Include="csgo sdk\csgo\sdk\interfaces\interfaces.hpp">
      <Filter>Header Files</Filter>
    </ClInclude>
    <ClInclude Include="csgo sdk\csgo\sdk\netvar\netvar.hpp">
      <Filter>Header Files</Filter>
    </ClInclude>
    <ClInclude Include="csgo sdk\csgo\sdk\datamap.hpp">
      <Filter>Header Files</Filter>
    </ClInclude>
    <ClInclude Include="csgo sdk\csgo\sdk\handle.hpp">
      <Filter>Header Files</Filter>
    </ClInclude>
    <ClInclude Include="csgo sdk\csgo\sdk\includes.hpp">
      <Filter>Header Files</Filter>
    </ClInclude>
    <ClInclude Include="csgo sdk\csgo\sdk\matrix3x4.hpp">
      <Filter>Header Files</Filter>
    </ClInclude>
    <ClInclude Include="csgo sdk\csgo\sdk\sdk.hpp">
      <Filter>Header Files</Filter>
    </ClInclude>
    <ClInclude Include="csgo sdk\csgo\sdk\studio.hpp">
      <Filter>Header Files</Filter>
    </ClInclude>
    <ClInclude Include="csgo sdk\csgo\sdk\vec3.hpp">
      <Filter>Header Files</Filter>
    </ClInclude>
    <ClInclude Include="csgo sdk\csgo\utils\checksum_crc\checksum_crc.hpp">
      <Filter>Header Files</Filter>
    </ClInclude>
    <ClInclude Include="csgo sdk\csgo\utils\globals\globals.hpp">
      <Filter>Header Files</Filter>
    </ClInclude>
    <ClInclude Include="csgo sdk\csgo\utils\math\math.hpp">
      <Filter>Header Files</Filter>
    </ClInclude>
    <ClInclude Include="csgo sdk\csgo\utils\minhook\minhook.h">
      <Filter>Header Files</Filter>
    </ClInclude>
    <ClInclude Include="csgo sdk\csgo\utils\render\render.hpp">
      <Filter>Header Files</Filter>
    </ClInclude>
    <ClInclude Include="csgo sdk\csgo\utils\security\xorstr.hpp">
      <Filter>Header Files</Filter>
    </ClInclude>
    <ClInclude Include="csgo sdk\csgo\utils\vftable_hook\vftable_hook.hpp">
      <Filter>Header Files</Filter>
    </ClInclude>
    <ClInclude Include="csgo sdk\csgo\utils\vfunc_hook\vfunc_hook.hpp">
      <Filter>Header Files</Filter>
    </ClInclude>
    <ClInclude Include="csgo sdk\csgo\utils\color.hpp">
      <Filter>Header Files</Filter>
    </ClInclude>
    <ClInclude Include="csgo sdk\csgo\utils\singleton.hpp">
      <Filter>Header Files</Filter>
    </ClInclude>
    <ClInclude Include="csgo sdk\csgo\utils\utils.hpp">
      <Filter>Header Files</Filter>
    </ClInclude>
    <ClInclude Include="csgo sdk\csgo\utils\vfunc.hpp">
      <Filter>Header Files</Filter>
    </ClInclude>
    <ClInclude Include="csgo sdk\csgo\vars\helpers\keybinds.hpp">
      <Filter>Header Files</Filter>
    </ClInclude>
    <ClInclude Include="csgo sdk\csgo\vars\vars.hpp">
      <Filter>Header Files</Filter>
    </ClInclude>
    <ClInclude Include="csgo sdk\csgo\hooks.hpp">
      <Filter>Header Files</Filter>
    </ClInclude>
    <ClInclude Include="csgo sdk\csgo\includes.hpp">
      <Filter>Header Files</Filter>
    </ClInclude>
  </ItemGroup>
</Project>